
Microsoft Visual Studio Solution File, Format Version 12.00
# Visual Studio 15
VisualStudioVersion = 15.0.28010.2046
MinimumVisualStudioVersion = 10.0.40219.1
Project("{FAE04EC0-301F-11D3-BF4B-00C04F79EFBC}") = "MiniFoodOrderUsingLuis", "MiniFoodOrderUsingLuis\MiniFoodOrderUsingLuis.csproj", "{1956EA61-9C1F-4CC1-B71D-06E105FC6CCA}"
EndProject
Global
	GlobalSection(SolutionConfigurationPlatforms) = preSolution
		Debug|Any CPU = Debug|Any CPU
		Release|Any CPU = Release|Any CPU
	EndGlobalSection
	GlobalSection(ProjectConfigurationPlatforms) = postSolution
		{1956EA61-9C1F-4CC1-B71D-06E105FC6CCA}.Debug|Any CPU.ActiveCfg = Debug|Any CPU
		{1956EA61-9C1F-4CC1-B71D-06E105FC6CCA}.Debug|Any CPU.Build.0 = Debug|Any CPU
		{1956EA61-9C1F-4CC1-B71D-06E105FC6CCA}.Release|Any CPU.ActiveCfg = Release|Any CPU
		{1956EA61-9C1F-4CC1-B71D-06E105FC6CCA}.Release|Any CPU.Build.0 = Release|Any CPU
	EndGlobalSection
	GlobalSection(SolutionProperties) = preSolution
		HideSolutionNode = FALSE
	EndGlobalSection
	GlobalSection(ExtensibilityGlobals) = postSolution
		SolutionGuid = {13266903-A765-41EE-8C80-311462EC07C7}
	EndGlobalSection
EndGlobal
