
Microsoft Visual Studio Solution File, Format Version 12.00
# Visual Studio 15
VisualStudioVersion = 15.0.28010.2046
MinimumVisualStudioVersion = 10.0.40219.1
Project("{FAE04EC0-301F-11D3-BF4B-00C04F79EFBC}") = "LCC_Chatbot", "LCC_Chatbot\LCC_Chatbot.csproj", "{1F7EDECB-8C12-4472-8C57-3BC2CC6F7A2A}"
EndProject
Project("{2150E333-8FDC-42A3-9474-1A3956D46DE8}") = "DAL", "DAL", "{D98C5F09-DCA7-4A41-829C-89E171692DA6}"
EndProject
Project("{FAE04EC0-301F-11D3-BF4B-00C04F79EFBC}") = "DALRepository", "DALRepository\DALRepository.csproj", "{E2834022-0F64-4210-9430-C18B74E8F8F1}"
EndProject
Global
	GlobalSection(SolutionConfigurationPlatforms) = preSolution
		Debug|Any CPU = Debug|Any CPU
		Release|Any CPU = Release|Any CPU
	EndGlobalSection
	GlobalSection(ProjectConfigurationPlatforms) = postSolution
		{1F7EDECB-8C12-4472-8C57-3BC2CC6F7A2A}.Debug|Any CPU.ActiveCfg = Debug|Any CPU
		{1F7EDECB-8C12-4472-8C57-3BC2CC6F7A2A}.Debug|Any CPU.Build.0 = Debug|Any CPU
		{1F7EDECB-8C12-4472-8C57-3BC2CC6F7A2A}.Release|Any CPU.ActiveCfg = Release|Any CPU
		{1F7EDECB-8C12-4472-8C57-3BC2CC6F7A2A}.Release|Any CPU.Build.0 = Release|Any CPU
		{E2834022-0F64-4210-9430-C18B74E8F8F1}.Debug|Any CPU.ActiveCfg = Debug|Any CPU
		{E2834022-0F64-4210-9430-C18B74E8F8F1}.Debug|Any CPU.Build.0 = Debug|Any CPU
		{E2834022-0F64-4210-9430-C18B74E8F8F1}.Release|Any CPU.ActiveCfg = Release|Any CPU
		{E2834022-0F64-4210-9430-C18B74E8F8F1}.Release|Any CPU.Build.0 = Release|Any CPU
	EndGlobalSection
	GlobalSection(SolutionProperties) = preSolution
		HideSolutionNode = FALSE
	EndGlobalSection
	GlobalSection(NestedProjects) = preSolution
		{E2834022-0F64-4210-9430-C18B74E8F8F1} = {D98C5F09-DCA7-4A41-829C-89E171692DA6}
	EndGlobalSection
	GlobalSection(ExtensibilityGlobals) = postSolution
		SolutionGuid = {A28E20EB-6584-4CE0-BAF0-1FCC366DAEFB}
	EndGlobalSection
EndGlobal
